{
  "name": "meizang-frontend",
  "version": "0.5.0",
  "lockfileVersion": 3,
  "requires": true,
  "packages": {
    "": {
      "name": "meizang-frontend",
      "version": "0.5.0",
      "dependencies": {
        "@trimjs/web-app": "0.4.2"
      }
    },
    "node_modules/@trimjs/web-app": {
      "version": "0.4.2",
      "resolved": "https://registry.npmjs.org/@trimjs/web-app/-/web-app-0.4.2.tgz",
      "integrity": "sha512-apVkaOCIPjC/8hOBcr2FiaYhGGQwnf8wxZTrGDnA8o64t+nlfLpyC8Tv1zyTvx9ZbAns8RnkSJ0kZcHRITTOkA=="
    }
  }
}
